// !$*UTF8*$!
{
	archiveVersion = 1;
	classes = {
	};
	objectVersion = 46;
	objects = {

/* Begin PBXBuildFile section */
		F2E6E04E1CCDED10006AC579 /* AppDelegate.swift in Sources */ = {isa = PBXBuildFile; fileRef = F2E6E04D1CCDED10006AC579 /* AppDelegate.swift */; };
		F2E6E0501CCDED10006AC579 /* ViewController.swift in Sources */ = {isa = PBXBuildFile; fileRef = F2E6E04F1CCDED10006AC579 /* ViewController.swift */; };
		F2E6E0531CCDED10006AC579 /* Main.storyboard in Resources */ = {isa = PBXBuildFile; fileRef = F2E6E0511CCDED10006AC579 /* Main.storyboard */; };
		F2E6E0551CCDED10006AC579 /* Assets.xcassets in Resources */ = {isa = PBXBuildFile; fileRef = F2E6E0541CCDED10006AC579 /* Assets.xcassets */; };
		F2E6E0581CCDED10006AC579 /* LaunchScreen.storyboard in Resources */ = {isa = PBXBuildFile; fileRef = F2E6E0561CCDED10006AC579 /* LaunchScreen.storyboard */; };
		F2E6E0631CCDED10006AC579 /* swift_day05___Tests.swift in Sources */ = {isa = PBXBuildFile; fileRef = F2E6E0621CCDED10006AC579 /* swift_day05___Tests.swift */; };
		F2E6E06E1CCDED10006AC579 /* swift_day05___UITests.swift in Sources */ = {isa = PBXBuildFile; fileRef = F2E6E06D1CCDED10006AC579 /* swift_day05___UITests.swift */; };
/* End PBXBuildFile section */

/* Begin PBXContainerItemProxy section */
		F2E6E05F1CCDED10006AC579 /* PBXContainerItemProxy */ = {
			isa = PBXContainerItemProxy;
			containerPortal = F2E6E0421CCDED10006AC579 /* Project object */;
			proxyType = 1;
			remoteGlobalIDString = F2E6E0491CCDED10006AC579;
			remoteInfo = "swift－day05-闭包";
		};
		F2E6E06A1CCDED10006AC579 /* PBXContainerItemProxy */ = {
			isa = PBXContainerItemProxy;
			containerPortal = F2E6E0421CCDED10006AC579 /* Project object */;
			proxyType = 1;
			remoteGlobalIDString = F2E6E0491CCDED10006AC579;
			remoteInfo = "swift－day05-闭包";
		};
/* End PBXContainerItemProxy section */

/* Begin PBXFileReference section */
		F2E6E04A1CCDED10006AC579 /* swift－day05-闭包.app */ = {isa = PBXFileReference; explicitFileType = wrapper.application; includeInIndex = 0; path = "swift－day05-闭包.app"; sourceTree = BUILT_PRODUCTS_DIR; };
		F2E6E04D1CCDED10006AC579 /* AppDelegate.swift */ = {isa = PBXFileReference; lastKnownFileType = sourcecode.swift; path = AppDelegate.swift; sourceTree = "<group>"; };
		F2E6E04F1CCDED10006AC579 /* ViewController.swift */ = {isa = PBXFileReference; lastKnownFileType = sourcecode.swift; path = ViewController.swift; sourceTree = "<group>"; };
		F2E6E0521CCDED10006AC579 /* Base */ = {isa = PBXFileReference; lastKnownFileType = file.storyboard; name = Base; path = Base.lproj/Main.storyboard; sourceTree = "<group>"; };
		F2E6E0541CCDED10006AC579 /* Assets.xcassets */ = {isa = PBXFileReference; lastKnownFileType = folder.assetcatalog; path = Assets.xcassets; sourceTree = "<group>"; };
		F2E6E0571CCDED10006AC579 /* Base */ = {isa = PBXFileReference; lastKnownFileType = file.storyboard; name = Base; path = Base.lproj/LaunchScreen.storyboard; sourceTree = "<group>"; };
		F2E6E0591CCDED10006AC579 /* Info.plist */ = {isa = PBXFileReference; lastKnownFileType = text.plist.xml; path = Info.plist; sourceTree = "<group>"; };
		F2E6E05E1CCDED10006AC579 /* swift－day05-闭包Tests.xctest */ = {isa = PBXFileReference; explicitFileType = wrapper.cfbundle; includeInIndex = 0; path = "swift－day05-闭包Tests.xctest"; sourceTree = BUILT_PRODUCTS_DIR; };
		F2E6E0621CCDED10006AC579 /* swift_day05___Tests.swift */ = {isa = PBXFileReference; lastKnownFileType = sourcecode.swift; path = "swift_day05___Tests.swift"; sourceTree = "<group>"; };
		F2E6E0641CCDED10006AC579 /* Info.plist */ = {isa = PBXFileReference; lastKnownFileType = text.plist.xml; path = Info.plist; sourceTree = "<group>"; };
		F2E6E0691CCDED10006AC579 /* swift－day05-闭包UITests.xctest */ = {isa = PBXFileReference; explicitFileType = wrapper.cfbundle; includeInIndex = 0; path = "swift－day05-闭包UITests.xctest"; sourceTree = BUILT_PRODUCTS_DIR; };
		F2E6E06D1CCDED10006AC579 /* swift_day05___UITests.swift */ = {isa = PBXFileReference; lastKnownFileType = sourcecode.swift; path = "swift_day05___UITests.swift"; sourceTree = "<group>"; };
		F2E6E06F1CCDED10006AC579 /* Info.plist */ = {isa = PBXFileReference; lastKnownFileType = text.plist.xml; path = Info.plist; sourceTree = "<group>"; };
/* End PBXFileReference section */

/* Begin PBXFrameworksBuildPhase section */
		F2E6E0471CCDED10006AC579 /* Frameworks */ = {
			isa = PBXFrameworksBuildPhase;
			buildActionMask = 2147483647;
			files = (
			);
			runOnlyForDeploymentPostprocessing = 0;
		};
		F2E6E05B1CCDED10006AC579 /* Frameworks */ = {
			isa = PBXFrameworksBuildPhase;
			buildActionMask = 2147483647;
			files = (
			);
			runOnlyForDeploymentPostprocessing = 0;
		};
		F2E6E0661CCDED10006AC579 /* Frameworks */ = {
			isa = PBXFrameworksBuildPhase;
			buildActionMask = 2147483647;
			files = (
			);
			runOnlyForDeploymentPostprocessing = 0;
		};
/* End PBXFrameworksBuildPhase section */

/* Begin PBXGroup section */
		F2E6E0411CCDED10006AC579 = {
			isa = PBXGroup;
			children = (
				F2E6E04C1CCDED10006AC579 /* swift－day05-闭包 */,
				F2E6E0611CCDED10006AC579 /* swift－day05-闭包Tests */,
				F2E6E06C1CCDED10006AC579 /* swift－day05-闭包UITests */,
				F2E6E04B1CCDED10006AC579 /* Products */,
			);
			sourceTree = "<group>";
		};
		F2E6E04B1CCDED10006AC579 /* Products */ = {
			isa = PBXGroup;
			children = (
				F2E6E04A1CCDED10006AC579 /* swift－day05-闭包.app */,
				F2E6E05E1CCDED10006AC579 /* swift－day05-闭包Tests.xctest */,
				F2E6E0691CCDED10006AC579 /* swift－day05-闭包UITests.xctest */,
			);
			name = Products;
			sourceTree = "<group>";
		};
		F2E6E04C1CCDED10006AC579 /* swift－day05-闭包 */ = {
			isa = PBXGroup;
			children = (
				F2E6E04D1CCDED10006AC579 /* AppDelegate.swift */,
				F2E6E04F1CCDED10006AC579 /* ViewController.swift */,
				F2E6E0511CCDED10006AC579 /* Main.storyboard */,
				F2E6E0541CCDED10006AC579 /* Assets.xcassets */,
				F2E6E0561CCDED10006AC579 /* LaunchScreen.storyboard */,
				F2E6E0591CCDED10006AC579 /* Info.plist */,
			);
			path = "swift－day05-闭包";
			sourceTree = "<group>";
		};
		F2E6E0611CCDED10006AC579 /* swift－day05-闭包Tests */ = {
			isa = PBXGroup;
			children = (
				F2E6E0621CCDED10006AC579 /* swift_day05___Tests.swift */,
				F2E6E0641CCDED10006AC579 /* Info.plist */,
			);
			path = "swift－day05-闭包Tests";
			sourceTree = "<group>";
		};
		F2E6E06C1CCDED10006AC579 /* swift－day05-闭包UITests */ = {
			isa = PBXGroup;
			children = (
				F2E6E06D1CCDED10006AC579 /* swift_day05___UITests.swift */,
				F2E6E06F1CCDED10006AC579 /* Info.plist */,
			);
			path = "swift－day05-闭包UITests";
			sourceTree = "<group>";
		};
/* End PBXGroup section */

/* Begin PBXNativeTarget section */
		F2E6E0491CCDED10006AC579 /* swift－day05-闭包 */ = {
			isa = PBXNativeTarget;
			buildConfigurationList = F2E6E0721CCDED10006AC579 /* Build configuration list for PBXNativeTarget "swift－day05-闭包" */;
			buildPhases = (
				F2E6E0461CCDED10006AC579 /* Sources */,
				F2E6E0471CCDED10006AC579 /* Frameworks */,
				F2E6E0481CCDED10006AC579 /* Resources */,
			);
			buildRules = (
			);
			dependencies = (
			);
			name = "swift－day05-闭包";
			productName = "swift－day05-闭包";
			productReference = F2E6E04A1CCDED10006AC579 /* swift－day05-闭包.app */;
			productType = "com.apple.product-type.application";
		};
		F2E6E05D1CCDED10006AC579 /* swift－day05-闭包Tests */ = {
			isa = PBXNativeTarget;
			buildConfigurationList = F2E6E0751CCDED10006AC579 /* Build configuration list for PBXNativeTarget "swift－day05-闭包Tests" */;
			buildPhases = (
				F2E6E05A1CCDED10006AC579 /* Sources */,
				F2E6E05B1CCDED10006AC579 /* Frameworks */,
				F2E6E05C1CCDED10006AC579 /* Resources */,
			);
			buildRules = (
			);
			dependencies = (
				F2E6E0601CCDED10006AC579 /* PBXTargetDependency */,
			);
			name = "swift－day05-闭包Tests";
			productName = "swift－day05-闭包Tests";
			productReference = F2E6E05E1CCDED10006AC579 /* swift－day05-闭包Tests.xctest */;
			productType = "com.apple.product-type.bundle.unit-test";
		};
		F2E6E0681CCDED10006AC579 /* swift－day05-闭包UITests */ = {
			isa = PBXNativeTarget;
			buildConfigurationList = F2E6E0781CCDED10006AC579 /* Build configuration list for PBXNativeTarget "swift－day05-闭包UITests" */;
			buildPhases = (
				F2E6E0651CCDED10006AC579 /* Sources */,
				F2E6E0661CCDED10006AC579 /* Frameworks */,
				F2E6E0671CCDED10006AC579 /* Resources */,
			);
			buildRules = (
			);
			dependencies = (
				F2E6E06B1CCDED10006AC579 /* PBXTargetDependency */,
			);
			name = "swift－day05-闭包UITests";
			productName = "swift－day05-闭包UITests";
			productReference = F2E6E0691CCDED10006AC579 /* swift－day05-闭包UITests.xctest */;
			productType = "com.apple.product-type.bundle.ui-testing";
		};
/* End PBXNativeTarget section */

/* Begin PBXProject section */
		F2E6E0421CCDED10006AC579 /* Project object */ = {
			isa = PBXProject;
			attributes = {
				LastSwiftUpdateCheck = 0720;
				LastUpgradeCheck = 0720;
				ORGANIZATIONNAME = penglei;
				TargetAttributes = {
					F2E6E0491CCDED10006AC579 = {
						CreatedOnToolsVersion = 7.2.1;
					};
					F2E6E05D1CCDED10006AC579 = {
						CreatedOnToolsVersion = 7.2.1;
						TestTargetID = F2E6E0491CCDED10006AC579;
					};
					F2E6E0681CCDED10006AC579 = {
						CreatedOnToolsVersion = 7.2.1;
						TestTargetID = F2E6E0491CCDED10006AC579;
					};
				};
			};
			buildConfigurationList = F2E6E0451CCDED10006AC579 /* Build configuration list for PBXProject "swift－day05-闭包" */;
			compatibilityVersion = "Xcode 3.2";
			developmentRegion = English;
			hasScannedForEncodings = 0;
			knownRegions = (
				en,
				Base,
			);
			mainGroup = F2E6E0411CCDED10006AC579;
			productRefGroup = F2E6E04B1CCDED10006AC579 /* Products */;
			projectDirPath = "";
			projectRoot = "";
			targets = (
				F2E6E0491CCDED10006AC579 /* swift－day05-闭包 */,
				F2E6E05D1CCDED10006AC579 /* swift－day05-闭包Tests */,
				F2E6E0681CCDED10006AC579 /* swift－day05-闭包UITests */,
			);
		};
/* End PBXProject section */

/* Begin PBXResourcesBuildPhase section */
		F2E6E0481CCDED10006AC579 /* Resources */ = {
			isa = PBXResourcesBuildPhase;
			buildActionMask = 2147483647;
			files = (
				F2E6E0581CCDED10006AC579 /* LaunchScreen.storyboard in Resources */,
				F2E6E0551CCDED10006AC579 /* Assets.xcassets in Resources */,
				F2E6E0531CCDED10006AC579 /* Main.storyboard in Resources */,
			);
			runOnlyForDeploymentPostprocessing = 0;
		};
		F2E6E05C1CCDED10006AC579 /* Resources */ = {
			isa = PBXResourcesBuildPhase;
			buildActionMask = 2147483647;
			files = (
			);
			runOnlyForDeploymentPostprocessing = 0;
		};
		F2E6E0671CCDED10006AC579 /* Resources */ = {
			isa = PBXResourcesBuildPhase;
			buildActionMask = 2147483647;
			files = (
			);
			runOnlyForDeploymentPostprocessing = 0;
		};
/* End PBXResourcesBuildPhase section */

/* Begin PBXSourcesBuildPhase section */
		F2E6E0461CCDED10006AC579 /* Sources */ = {
			isa = PBXSourcesBuildPhase;
			buildActionMask = 2147483647;
			files = (
				F2E6E0501CCDED10006AC579 /* ViewController.swift in Sources */,
				F2E6E04E1CCDED10006AC579 /* AppDelegate.swift in Sources */,
			);
			runOnlyForDeploymentPostprocessing = 0;
		};
		F2E6E05A1CCDED10006AC579 /* Sources */ = {
			isa = PBXSourcesBuildPhase;
			buildActionMask = 2147483647;
			files = (
				F2E6E0631CCDED10006AC579 /* swift_day05___Tests.swift in Sources */,
			);
			runOnlyForDeploymentPostprocessing = 0;
		};
		F2E6E0651CCDED10006AC579 /* Sources */ = {
			isa = PBXSourcesBuildPhase;
			buildActionMask = 2147483647;
			files = (
				F2E6E06E1CCDED10006AC579 /* swift_day05___UITests.swift in Sources */,
			);
			runOnlyForDeploymentPostprocessing = 0;
		};
/* End PBXSourcesBuildPhase section */

/* Begin PBXTargetDependency section */
		F2E6E0601CCDED10006AC579 /* PBXTargetDependency */ = {
			isa = PBXTargetDependency;
			target = F2E6E0491CCDED10006AC579 /* swift－day05-闭包 */;
			targetProxy = F2E6E05F1CCDED10006AC579 /* PBXContainerItemProxy */;
		};
		F2E6E06B1CCDED10006AC579 /* PBXTargetDependency */ = {
			isa = PBXTargetDependency;
			target = F2E6E0491CCDED10006AC579 /* swift－day05-闭包 */;
			targetProxy = F2E6E06A1CCDED10006AC579 /* PBXContainerItemProxy */;
		};
/* End PBXTargetDependency section */

/* Begin PBXVariantGroup section */
		F2E6E0511CCDED10006AC579 /* Main.storyboard */ = {
			isa = PBXVariantGroup;
			children = (
				F2E6E0521CCDED10006AC579 /* Base */,
			);
			name = Main.storyboard;
			sourceTree = "<group>";
		};
		F2E6E0561CCDED10006AC579 /* LaunchScreen.storyboard */ = {
			isa = PBXVariantGroup;
			children = (
				F2E6E0571CCDED10006AC579 /* Base */,
			);
			name = LaunchScreen.storyboard;
			sourceTree = "<group>";
		};
/* End PBXVariantGroup section */

/* Begin XCBuildConfiguration section */
		F2E6E0701CCDED10006AC579 /* Debug */ = {
			isa = XCBuildConfiguration;
			buildSettings = {
				ALWAYS_SEARCH_USER_PATHS = NO;
				CLANG_CXX_LANGUAGE_STANDARD = "gnu++0x";
				CLANG_CXX_LIBRARY = "libc++";
				CLANG_ENABLE_MODULES = YES;
				CLANG_ENABLE_OBJC_ARC = YES;
				CLANG_WARN_BOOL_CONVERSION = YES;
				CLANG_WARN_CONSTANT_CONVERSION = YES;
				CLANG_WARN_DIRECT_OBJC_ISA_USAGE = YES_ERROR;
				CLANG_WARN_EMPTY_BODY = YES;
				CLANG_WARN_ENUM_CONVERSION = YES;
				CLANG_WARN_INT_CONVERSION = YES;
				CLANG_WARN_OBJC_ROOT_CLASS = YES_ERROR;
				CLANG_WARN_UNREACHABLE_CODE = YES;
				CLANG_WARN__DUPLICATE_METHOD_MATCH = YES;
				"CODE_SIGN_IDENTITY[sdk=iphoneos*]" = "iPhone Developer";
				COPY_PHASE_STRIP = NO;
				DEBUG_INFORMATION_FORMAT = dwarf;
				ENABLE_STRICT_OBJC_MSGSEND = YES;
				ENABLE_TESTABILITY = YES;
				GCC_C_LANGUAGE_STANDARD = gnu99;
				GCC_DYNAMIC_NO_PIC = NO;
				GCC_NO_COMMON_BLOCKS = YES;
				GCC_OPTIMIZATION_LEVEL = 0;
				GCC_PREPROCESSOR_DEFINITIONS = (
					"DEBUG=1",
					"$(inherited)",
				);
				GCC_WARN_64_TO_32_BIT_CONVERSION = YES;
				GCC_WARN_ABOUT_RETURN_TYPE = YES_ERROR;
				GCC_WARN_UNDECLARED_SELECTOR = YES;
				GCC_WARN_UNINITIALIZED_AUTOS = YES_AGGRESSIVE;
				GCC_WARN_UNUSED_FUNCTION = YES;
				GCC_WARN_UNUSED_VARIABLE = YES;
				IPHONEOS_DEPLOYMENT_TARGET = 9.2;
				MTL_ENABLE_DEBUG_INFO = YES;
				ONLY_ACTIVE_ARCH = YES;
				SDKROOT = iphoneos;
				SWIFT_OPTIMIZATION_LEVEL = "-Onone";
				TARGETED_DEVICE_FAMILY = "1,2";
			};
			name = Debug;
		};
		F2E6E0711CCDED10006AC579 /* Release */ = {
			isa = XCBuildConfiguration;
			buildSettings = {
				ALWAYS_SEARCH_USER_PATHS = NO;
				CLANG_CXX_LANGUAGE_STANDARD = "gnu++0x";
				CLANG_CXX_LIBRARY = "libc++";
				CLANG_ENABLE_MODULES = YES;
				CLANG_ENABLE_OBJC_ARC = YES;
				CLANG_WARN_BOOL_CONVERSION = YES;
				CLANG_WARN_CONSTANT_CONVERSION = YES;
				CLANG_WARN_DIRECT_OBJC_ISA_USAGE = YES_ERROR;
				CLANG_WARN_EMPTY_BODY = YES;
				CLANG_WARN_ENUM_CONVERSION = YES;
				CLANG_WARN_INT_CONVERSION = YES;
				CLANG_WARN_OBJC_ROOT_CLASS = YES_ERROR;
				CLANG_WARN_UNREACHABLE_CODE = YES;
				CLANG_WARN__DUPLICATE_METHOD_MATCH = YES;
				"CODE_SIGN_IDENTITY[sdk=iphoneos*]" = "iPhone Developer";
				COPY_PHASE_STRIP = NO;
				DEBUG_INFORMATION_FORMAT = "dwarf-with-dsym";
				ENABLE_NS_ASSERTIONS = NO;
				ENABLE_STRICT_OBJC_MSGSEND = YES;
				GCC_C_LANGUAGE_STANDARD = gnu99;
				GCC_NO_COMMON_BLOCKS = YES;
				GCC_WARN_64_TO_32_BIT_CONVERSION = YES;
				GCC_WARN_ABOUT_RETURN_TYPE = YES_ERROR;
				GCC_WARN_UNDECLARED_SELECTOR = YES;
				GCC_WARN_UNINITIALIZED_AUTOS = YES_AGGRESSIVE;
				GCC_WARN_UNUSED_FUNCTION = YES;
				GCC_WARN_UNUSED_VARIABLE = YES;
				IPHONEOS_DEPLOYMENT_TARGET = 9.2;
				MTL_ENABLE_DEBUG_INFO = NO;
				SDKROOT = iphoneos;
				TARGETED_DEVICE_FAMILY = "1,2";
				VALIDATE_PRODUCT = YES;
			};
			name = Release;
		};
		F2E6E0731CCDED10006AC579 /* Debug */ = {
			isa = XCBuildConfiguration;
			buildSettings = {
				ASSETCATALOG_COMPILER_APPICON_NAME = AppIcon;
				INFOPLIST_FILE = "swift－day05-闭包/Info.plist";
				LD_RUNPATH_SEARCH_PATHS = "$(inherited) @executable_path/Frameworks";
				PRODUCT_BUNDLE_IDENTIFIER = "penglei.swift-day05---";
				PRODUCT_NAME = "$(TARGET_NAME)";
			};
			name = Debug;
		};
		F2E6E0741CCDED10006AC579 /* Release */ = {
			isa = XCBuildConfiguration;
			buildSettings = {
				ASSETCATALOG_COMPILER_APPICON_NAME = AppIcon;
				INFOPLIST_FILE = "swift－day05-闭包/Info.plist";
				LD_RUNPATH_SEARCH_PATHS = "$(inherited) @executable_path/Frameworks";
				PRODUCT_BUNDLE_IDENTIFIER = "penglei.swift-day05---";
				PRODUCT_NAME = "$(TARGET_NAME)";
			};
			name = Release;
		};
		F2E6E0761CCDED10006AC579 /* Debug */ = {
			isa = XCBuildConfiguration;
			buildSettings = {
				BUNDLE_LOADER = "$(TEST_HOST)";
				INFOPLIST_FILE = "swift－day05-闭包Tests/Info.plist";
				LD_RUNPATH_SEARCH_PATHS = "$(inherited) @executable_path/Frameworks @loader_path/Frameworks";
				PRODUCT_BUNDLE_IDENTIFIER = "penglei.swift-day05---Tests";
				PRODUCT_NAME = "$(TARGET_NAME)";
				TEST_HOST = "$(BUILT_PRODUCTS_DIR)/swift－day05-闭包.app/swift－day05-闭包";
			};
			name = Debug;
		};
		F2E6E0771CCDED10006AC579 /* Release */ = {
			isa = XCBuildConfiguration;
			buildSettings = {
				BUNDLE_LOADER = "$(TEST_HOST)";
				INFOPLIST_FILE = "swift－day05-闭包Tests/Info.plist";
				LD_RUNPATH_SEARCH_PATHS = "$(inherited) @executable_path/Frameworks @loader_path/Frameworks";
				PRODUCT_BUNDLE_IDENTIFIER = "penglei.swift-day05---Tests";
				PRODUCT_NAME = "$(TARGET_NAME)";
				TEST_HOST = "$(BUILT_PRODUCTS_DIR)/swift－day05-闭包.app/swift－day05-闭包";
			};
			name = Release;
		};
		F2E6E0791CCDED10006AC579 /* Debug */ = {
			isa = XCBuildConfiguration;
			buildSettings = {
				INFOPLIST_FILE = "swift－day05-闭包UITests/Info.plist";
				LD_RUNPATH_SEARCH_PATHS = "$(inherited) @executable_path/Frameworks @loader_path/Frameworks";
				PRODUCT_BUNDLE_IDENTIFIER = "penglei.swift-day05---UITests";
				PRODUCT_NAME = "$(TARGET_NAME)";
				TEST_TARGET_NAME = "swift－day05-闭包";
				USES_XCTRUNNER = YES;
			};
			name = Debug;
		};
		F2E6E07A1CCDED10006AC579 /* Release */ = {
			isa = XCBuildConfiguration;
			buildSettings = {
				INFOPLIST_FILE = "swift－day05-闭包UITests/Info.plist";
				LD_RUNPATH_SEARCH_PATHS = "$(inherited) @executable_path/Frameworks @loader_path/Frameworks";
				PRODUCT_BUNDLE_IDENTIFIER = "penglei.swift-day05---UITests";
				PRODUCT_NAME = "$(TARGET_NAME)";
				TEST_TARGET_NAME = "swift－day05-闭包";
				USES_XCTRUNNER = YES;
			};
			name = Release;
		};
/* End XCBuildConfiguration section */

/* Begin XCConfigurationList section */
		F2E6E0451CCDED10006AC579 /* Build configuration list for PBXProject "swift－day05-闭包" */ = {
			isa = XCConfigurationList;
			buildConfigurations = (
				F2E6E0701CCDED10006AC579 /* Debug */,
				F2E6E0711CCDED10006AC579 /* Release */,
			);
			defaultConfigurationIsVisible = 0;
			defaultConfigurationName = Release;
		};
		F2E6E0721CCDED10006AC579 /* Build configuration list for PBXNativeTarget "swift－day05-闭包" */ = {
			isa = XCConfigurationList;
			buildConfigurations = (
				F2E6E0731CCDED10006AC579 /* Debug */,
				F2E6E0741CCDED10006AC579 /* Release */,
			);
			defaultConfigurationIsVisible = 0;
		};
		F2E6E0751CCDED10006AC579 /* Build configuration list for PBXNativeTarget "swift－day05-闭包Tests" */ = {
			isa = XCConfigurationList;
			buildConfigurations = (
				F2E6E0761CCDED10006AC579 /* Debug */,
				F2E6E0771CCDED10006AC579 /* Release */,
			);
			defaultConfigurationIsVisible = 0;
		};
		F2E6E0781CCDED10006AC579 /* Build configuration list for PBXNativeTarget "swift－day05-闭包UITests" */ = {
			isa = XCConfigurationList;
			buildConfigurations = (
				F2E6E0791CCDED10006AC579 /* Debug */,
				F2E6E07A1CCDED10006AC579 /* Release */,
			);
			defaultConfigurationIsVisible = 0;
		};
/* End XCConfigurationList section */
	};
	rootObject = F2E6E0421CCDED10006AC579 /* Project object */;
}
